{
  "requires": true,
  "lockfileVersion": 1,
  "dependencies": {
    "async-limiter": {
      "version": "1.0.0",
      "resolved": "https://registry.npmjs.org/async-limiter/-/async-limiter-1.0.0.tgz",
      "integrity": "sha512-jp/uFnooOiO+L211eZOoSyzpOITMXx1rBITauYykG3BRYPu8h0UcxsPNB04RR5vo4Tyz3+ay17tR6JVf9qzYWg=="
    },
    "cross-fetch": {
      "version": "2.2.2",
      "resolved": "https://registry.npmjs.org/cross-fetch/-/cross-fetch-2.2.2.tgz",
      "integrity": "sha1-pH/09/xxLauo9qaVoRyUhEDUVyM=",
      "requires": {
        "node-fetch": "2.1.2",
        "whatwg-fetch": "2.0.4"
      }
    },
    "discord.js": {
      "version": "11.4.2",
      "resolved": "https://registry.npmjs.org/discord.js/-/discord.js-11.4.2.tgz",
      "integrity": "sha512-MDwpu0lMFTjqomijDl1Ed9miMQe6kB4ifKdP28QZllmLv/HVOJXhatRgjS8urp/wBlOfx+qAYSXcdI5cKGYsfg==",
      "requires": {
        "long": "4.0.0",
        "prism-media": "0.0.3",
        "snekfetch": "3.6.4",
        "tweetnacl": "1.0.0",
        "ws": "4.1.0"
      }
    },
    "html-entities": {
      "version": "1.2.1",
      "resolved": "https://registry.npmjs.org/html-entities/-/html-entities-1.2.1.tgz",
      "integrity": "sha1-DfKTUfByEWNRXfueVUPl9u7VFi8="
    },
    "iso8601-duration": {
      "version": "1.1.6",
      "resolved": "https://registry.npmjs.org/iso8601-duration/-/iso8601-duration-1.1.6.tgz",
      "integrity": "sha512-wyVl4tmjZyaoh9GeohL3Dh4DKwr8CgiOL8eFRyRJyk8nopHOhZ0Ql76EwOUvx3OGQeI08xGj8+4AJgyXYs3iJw=="
    },
    "long": {
      "version": "4.0.0",
      "resolved": "https://registry.npmjs.org/long/-/long-4.0.0.tgz",
      "integrity": "sha512-XsP+KhQif4bjX1kbuSiySJFNAehNxgLb6hPRGJ9QsUr8ajHkuXGdrHmFUTUUXhDwVX2R5bY4JNZEwbUiMhV+MA=="
    },
    "m3u8stream": {
      "version": "0.4.2",
      "resolved": "https://registry.npmjs.org/m3u8stream/-/m3u8stream-0.4.2.tgz",
      "integrity": "sha512-VZeobA83iQdd2TY12K2DNLuUmE1XNjN660SYU9s6A4kP7ZhFEp/bQPUpOWU2EbkFYwsonyaFT+RxLDr1OhPTRA==",
      "requires": {
        "miniget": "1.5.0",
        "sax": "1.2.4"
      }
    },
    "miniget": {
      "version": "1.5.0",
      "resolved": "https://registry.npmjs.org/miniget/-/miniget-1.5.0.tgz",
      "integrity": "sha512-RbRCj2m8Q/arS1nExuMB8qO4QavCpvfetQR+HVCeHGiFJGOryPn8u0z4WrIx9AAIDYFDVcFhQsRYvSY+UA5HJQ=="
    },
    "node-fetch": {
      "version": "2.1.2",
      "resolved": "http://registry.npmjs.org/node-fetch/-/node-fetch-2.1.2.tgz",
      "integrity": "sha1-q4hOjn5X44qUR1POxwb3iNF2i7U="
    },
    "opusscript": {
      "version": "0.0.6",
      "resolved": "https://registry.npmjs.org/opusscript/-/opusscript-0.0.6.tgz",
      "integrity": "sha512-F7nx1SWZCD5Rq2W+5Fx39HlkRkz/5Zqt0LglEB9uHexk8HjedDEiM+u/Y2rBfDFcS/0uQIWu2lJhw+Gjsta+cA=="
    },
    "prism-media": {
      "version": "0.0.3",
      "resolved": "https://registry.npmjs.org/prism-media/-/prism-media-0.0.3.tgz",
      "integrity": "sha512-c9KkNifSMU/iXT8FFTaBwBMr+rdVcN+H/uNv1o+CuFeTThNZNTOrQ+RgXA1yL/DeLk098duAeRPP3QNPNbhxYQ=="
    },
    "safe-buffer": {
      "version": "5.1.2",
      "resolved": "https://registry.npmjs.org/safe-buffer/-/safe-buffer-5.1.2.tgz",
      "integrity": "sha512-Gd2UZBJDkXlY7GbJxfsE8/nvKkUEU1G38c1siN6QP6a9PT9MmHB8GnpscSmMJSoF8LOIrt8ud/wPtojys4G6+g=="
    },
    "sax": {
      "version": "1.2.4",
      "resolved": "https://registry.npmjs.org/sax/-/sax-1.2.4.tgz",
      "integrity": "sha512-NqVDv9TpANUjFm0N8uM5GxL36UgKi9/atZw+x7YFnQ8ckwFGKrl4xX4yWtrey3UJm5nP1kUbnYgLopqWNSRhWw=="
    },
    "simple-youtube-api": {
      "version": "5.0.2",
      "resolved": "https://registry.npmjs.org/simple-youtube-api/-/simple-youtube-api-5.0.2.tgz",
      "integrity": "sha512-MtFToFLoX4eWNVUcqhbJ3J7SN8tBNaHRAHC4RKzSCW7cEVVZygNHa3nhCEWVINBoI1fmxjEUW7zwdlChYNuoZg==",
      "requires": {
        "cross-fetch": "2.2.2",
        "iso8601-duration": "1.1.6"
      }
    },
    "snekfetch": {
      "version": "3.6.4",
      "resolved": "https://registry.npmjs.org/snekfetch/-/snekfetch-3.6.4.tgz",
      "integrity": "sha512-NjxjITIj04Ffqid5lqr7XdgwM7X61c/Dns073Ly170bPQHLm6jkmelye/eglS++1nfTWktpP6Y2bFXjdPlQqdw=="
    },
    "tweetnacl": {
      "version": "1.0.0",
      "resolved": "https://registry.npmjs.org/tweetnacl/-/tweetnacl-1.0.0.tgz",
      "integrity": "sha1-cT2LgY2kIGh0C/aDhtBHnmb8ins="
    },
    "whatwg-fetch": {
      "version": "2.0.4",
      "resolved": "http://registry.npmjs.org/whatwg-fetch/-/whatwg-fetch-2.0.4.tgz",
      "integrity": "sha512-dcQ1GWpOD/eEQ97k66aiEVpNnapVj90/+R+SXTPYGHpYBBypfKJEQjLrvMZ7YXbKm21gXd4NcuxUTjiv1YtLng=="
    },
    "ws": {
      "version": "4.1.0",
      "resolved": "https://registry.npmjs.org/ws/-/ws-4.1.0.tgz",
      "integrity": "sha512-ZGh/8kF9rrRNffkLFV4AzhvooEclrOH0xaugmqGsIfFgOE/pIz4fMc4Ef+5HSQqTEug2S9JZIWDR47duDSLfaA==",
      "requires": {
        "async-limiter": "1.0.0",
        "safe-buffer": "5.1.2"
      }
    },
    "ytdl-core": {
      "version": "0.26.0",
      "resolved": "https://registry.npmjs.org/ytdl-core/-/ytdl-core-0.26.0.tgz",
      "integrity": "sha512-s6BbWiO4lFvOEHjtW2vaLmg3Dd9ftDfUn7KUVLS2Xkbztfu+HxaN0Q0/HL3yX6/L2D3jGpOwgDHO74LB1qCvHQ==",
      "requires": {
        "html-entities": "1.2.1",
        "m3u8stream": "0.4.2",
        "miniget": "1.5.0",
        "sax": "1.2.4"
      }
    }
  }
}
